# THIS IS AN AUTOGENERATED FILE. DO NOT EDIT THIS FILE DIRECTLY.
# yarn lockfile v1


"@types/stylis@^4.2.7":
  version "4.2.7"
  resolved "https://registry.yarnpkg.com/@types/stylis/-/stylis-4.2.7.tgz#1813190525da9d2a2b6976583bdd4af5301d9fd4"
  integrity sha512-VgDNokpBoKF+wrdvhAAfS55OMQpL6QRglwTwNC3kIgBrzZxA4WsFj+2eLfEA/uMUDzBcEhYmjSbwQakn/i3ajA==

cash-dom@^8.1.5:
  version "8.1.5"
  resolved "https://registry.yarnpkg.com/cash-dom/-/cash-dom-8.1.5.tgz#7b2668ddbcce1c7893915d56fddb0abcda2e32c5"
  integrity sha512-/BS05CfzyHR5xT2ksKj1sDLPaOv5rSmIwoGxNgdKwUtnIuiJ5neMxVEmZxvfyJiSjGbOMD0Lwe+9v+fszDqHew==

stylis@^4.3.4:
  version "4.3.6"
  resolved "https://registry.yarnpkg.com/stylis/-/stylis-4.3.6.tgz#7c7b97191cb4f195f03ecab7d52f7902ed378320"
  integrity sha512-yQ3rwFWRfwNUY7H5vpU0wfdkNSnvnJinhF9830Swlaxl03zsOjCfmX0ugac+3LtK0lYSgwL/KXc8oYL3mG4YFQ==

tsc@^2.0.4:
  version "2.0.4"
  resolved "https://registry.yarnpkg.com/tsc/-/tsc-2.0.4.tgz#5f6499146abea5dca4420b451fa4f2f9345238f5"
  integrity sha512-fzoSieZI5KKJVBYGvwbVZs/J5za84f2lSTLPYf6AGiIf43tZ3GNrI1QzTLcjtyDDP4aLxd46RTZq1nQxe7+k5Q==

typescript@^5.7.3:
  version "5.8.2"
  resolved "https://registry.yarnpkg.com/typescript/-/typescript-5.8.2.tgz#8170b3702f74b79db2e5a96207c15e65807999e4"
  integrity sha512-aJn6wq13/afZp/jT9QZmwEjDqqvSGp1VT5GVg+f/t6/oVyrgXM6BY1h9BRh/O5p3PlUPAe+WuiEZOmb/49RqoQ==
